
Microsoft Visual Studio Solution File, Format Version 12.00
# Visual Studio Version 17
VisualStudioVersion = 17.3.32922.545
MinimumVisualStudioVersion = 10.0.40219.1
Project("{FAE04EC0-301F-11D3-BF4B-00C04F79EFBC}") = "Zoo_Project", "ConsoleApp3\Zoo_Project.csproj", "{2EB5E95C-1AC2-4E36-870C-51E98175F6A3}"
EndProject
Global
	GlobalSection(SolutionConfigurationPlatforms) = preSolution
		Debug|Any CPU = Debug|Any CPU
		Release|Any CPU = Release|Any CPU
	EndGlobalSection
	GlobalSection(ProjectConfigurationPlatforms) = postSolution
		{2EB5E95C-1AC2-4E36-870C-51E98175F6A3}.Debug|Any CPU.ActiveCfg = Debug|Any CPU
		{2EB5E95C-1AC2-4E36-870C-51E98175F6A3}.Debug|Any CPU.Build.0 = Debug|Any CPU
		{2EB5E95C-1AC2-4E36-870C-51E98175F6A3}.Release|Any CPU.ActiveCfg = Release|Any CPU
		{2EB5E95C-1AC2-4E36-870C-51E98175F6A3}.Release|Any CPU.Build.0 = Release|Any CPU
	EndGlobalSection
	GlobalSection(SolutionProperties) = preSolution
		HideSolutionNode = FALSE
	EndGlobalSection
	GlobalSection(ExtensibilityGlobals) = postSolution
		SolutionGuid = {DD95929A-85E9-43ED-8948-861647FE07D1}
	EndGlobalSection
EndGlobal
